// !$*UTF8*$!
{
	archiveVersion = 1;
	classes = {
	};
	objectVersion = 56;
	objects = {

/* Begin PBXBuildFile section */
		3B8F1366291A966F00410427 /* Fitness_PlannerApp.swift in Sources */ = {isa = PBXBuildFile; fileRef = 3B8F1365291A966F00410427 /* Fitness_PlannerApp.swift */; };
		3B8F1368291A966F00410427 /* ContentView.swift in Sources */ = {isa = PBXBuildFile; fileRef = 3B8F1367291A966F00410427 /* ContentView.swift */; };
		3B8F136A291A967100410427 /* Assets.xcassets in Resources */ = {isa = PBXBuildFile; fileRef = 3B8F1369291A967100410427 /* Assets.xcassets */; };
		3B8F136D291A967100410427 /* Preview Assets.xcassets in Resources */ = {isa = PBXBuildFile; fileRef = 3B8F136C291A967100410427 /* Preview Assets.xcassets */; };
		3B8F1377291A967100410427 /* Fitness_PlannerTests.swift in Sources */ = {isa = PBXBuildFile; fileRef = 3B8F1376291A967100410427 /* Fitness_PlannerTests.swift */; };
		3B8F1381291A967100410427 /* Fitness_PlannerUITests.swift in Sources */ = {isa = PBXBuildFile; fileRef = 3B8F1380291A967100410427 /* Fitness_PlannerUITests.swift */; };
		3B8F1383291A967100410427 /* Fitness_PlannerUITestsLaunchTests.swift in Sources */ = {isa = PBXBuildFile; fileRef = 3B8F1382291A967100410427 /* Fitness_PlannerUITestsLaunchTests.swift */; };
/* End PBXBuildFile section */

/* Begin PBXContainerItemProxy section */
		3B8F1373291A967100410427 /* PBXContainerItemProxy */ = {
			isa = PBXContainerItemProxy;
			containerPortal = 3B8F135A291A966F00410427 /* Project object */;
			proxyType = 1;
			remoteGlobalIDString = 3B8F1361291A966F00410427;
			remoteInfo = "Fitness Planner";
		};
		3B8F137D291A967100410427 /* PBXContainerItemProxy */ = {
			isa = PBXContainerItemProxy;
			containerPortal = 3B8F135A291A966F00410427 /* Project object */;
			proxyType = 1;
			remoteGlobalIDString = 3B8F1361291A966F00410427;
			remoteInfo = "Fitness Planner";
		};
/* End PBXContainerItemProxy section */

/* Begin PBXFileReference section */
		3B8F1362291A966F00410427 /* Fitness Planner.app */ = {isa = PBXFileReference; explicitFileType = wrapper.application; includeInIndex = 0; path = "Fitness Planner.app"; sourceTree = BUILT_PRODUCTS_DIR; };
		3B8F1365291A966F00410427 /* Fitness_PlannerApp.swift */ = {isa = PBXFileReference; lastKnownFileType = sourcecode.swift; path = Fitness_PlannerApp.swift; sourceTree = "<group>"; };
		3B8F1367291A966F00410427 /* ContentView.swift */ = {isa = PBXFileReference; lastKnownFileType = sourcecode.swift; path = ContentView.swift; sourceTree = "<group>"; };
		3B8F1369291A967100410427 /* Assets.xcassets */ = {isa = PBXFileReference; lastKnownFileType = folder.assetcatalog; path = Assets.xcassets; sourceTree = "<group>"; };
		3B8F136C291A967100410427 /* Preview Assets.xcassets */ = {isa = PBXFileReference; lastKnownFileType = folder.assetcatalog; path = "Preview Assets.xcassets"; sourceTree = "<group>"; };
		3B8F1372291A967100410427 /* Fitness PlannerTests.xctest */ = {isa = PBXFileReference; explicitFileType = wrapper.cfbundle; includeInIndex = 0; path = "Fitness PlannerTests.xctest"; sourceTree = BUILT_PRODUCTS_DIR; };
		3B8F1376291A967100410427 /* Fitness_PlannerTests.swift */ = {isa = PBXFileReference; lastKnownFileType = sourcecode.swift; path = Fitness_PlannerTests.swift; sourceTree = "<group>"; };
		3B8F137C291A967100410427 /* Fitness PlannerUITests.xctest */ = {isa = PBXFileReference; explicitFileType = wrapper.cfbundle; includeInIndex = 0; path = "Fitness PlannerUITests.xctest"; sourceTree = BUILT_PRODUCTS_DIR; };
		3B8F1380291A967100410427 /* Fitness_PlannerUITests.swift */ = {isa = PBXFileReference; lastKnownFileType = sourcecode.swift; path = Fitness_PlannerUITests.swift; sourceTree = "<group>"; };
		3B8F1382291A967100410427 /* Fitness_PlannerUITestsLaunchTests.swift */ = {isa = PBXFileReference; lastKnownFileType = sourcecode.swift; path = Fitness_PlannerUITestsLaunchTests.swift; sourceTree = "<group>"; };
/* End PBXFileReference section */

/* Begin PBXFrameworksBuildPhase section */
		3B8F135F291A966F00410427 /* Frameworks */ = {
			isa = PBXFrameworksBuildPhase;
			buildActionMask = 2147483647;
			files = (
			);
			runOnlyForDeploymentPostprocessing = 0;
		};
		3B8F136F291A967100410427 /* Frameworks */ = {
			isa = PBXFrameworksBuildPhase;
			buildActionMask = 2147483647;
			files = (
			);
			runOnlyForDeploymentPostprocessing = 0;
		};
		3B8F1379291A967100410427 /* Frameworks */ = {
			isa = PBXFrameworksBuildPhase;
			buildActionMask = 2147483647;
			files = (
			);
			runOnlyForDeploymentPostprocessing = 0;
		};
/* End PBXFrameworksBuildPhase section */

/* Begin PBXGroup section */
		3B8F1359291A966F00410427 = {
			isa = PBXGroup;
			children = (
				3B8F1364291A966F00410427 /* Fitness Planner */,
				3B8F1375291A967100410427 /* Fitness PlannerTests */,
				3B8F137F291A967100410427 /* Fitness PlannerUITests */,
				3B8F1363291A966F00410427 /* Products */,
			);
			sourceTree = "<group>";
		};
		3B8F1363291A966F00410427 /* Products */ = {
			isa = PBXGroup;
			children = (
				3B8F1362291A966F00410427 /* Fitness Planner.app */,
				3B8F1372291A967100410427 /* Fitness PlannerTests.xctest */,
				3B8F137C291A967100410427 /* Fitness PlannerUITests.xctest */,
			);
			name = Products;
			sourceTree = "<group>";
		};
		3B8F1364291A966F00410427 /* Fitness Planner */ = {
			isa = PBXGroup;
			children = (
				3B8F1365291A966F00410427 /* Fitness_PlannerApp.swift */,
				3B8F1367291A966F00410427 /* ContentView.swift */,
				3B8F1369291A967100410427 /* Assets.xcassets */,
				3B8F136B291A967100410427 /* Preview Content */,
			);
			path = "Fitness Planner";
			sourceTree = "<group>";
		};
		3B8F136B291A967100410427 /* Preview Content */ = {
			isa = PBXGroup;
			children = (
				3B8F136C291A967100410427 /* Preview Assets.xcassets */,
			);
			path = "Preview Content";
			sourceTree = "<group>";
		};
		3B8F1375291A967100410427 /* Fitness PlannerTests */ = {
			isa = PBXGroup;
			children = (
				3B8F1376291A967100410427 /* Fitness_PlannerTests.swift */,
			);
			path = "Fitness PlannerTests";
			sourceTree = "<group>";
		};
		3B8F137F291A967100410427 /* Fitness PlannerUITests */ = {
			isa = PBXGroup;
			children = (
				3B8F1380291A967100410427 /* Fitness_PlannerUITests.swift */,
				3B8F1382291A967100410427 /* Fitness_PlannerUITestsLaunchTests.swift */,
			);
			path = "Fitness PlannerUITests";
			sourceTree = "<group>";
		};
/* End PBXGroup section */

/* Begin PBXNativeTarget section */
		3B8F1361291A966F00410427 /* Fitness Planner */ = {
			isa = PBXNativeTarget;
			buildConfigurationList = 3B8F1386291A967100410427 /* Build configuration list for PBXNativeTarget "Fitness Planner" */;
			buildPhases = (
				3B8F135E291A966F00410427 /* Sources */,
				3B8F135F291A966F00410427 /* Frameworks */,
				3B8F1360291A966F00410427 /* Resources */,
			);
			buildRules = (
			);
			dependencies = (
			);
			name = "Fitness Planner";
			productName = "Fitness Planner";
			productReference = 3B8F1362291A966F00410427 /* Fitness Planner.app */;
			productType = "com.apple.product-type.application";
		};
		3B8F1371291A967100410427 /* Fitness PlannerTests */ = {
			isa = PBXNativeTarget;
			buildConfigurationList = 3B8F1389291A967100410427 /* Build configuration list for PBXNativeTarget "Fitness PlannerTests" */;
			buildPhases = (
				3B8F136E291A967100410427 /* Sources */,
				3B8F136F291A967100410427 /* Frameworks */,
				3B8F1370291A967100410427 /* Resources */,
			);
			buildRules = (
			);
			dependencies = (
				3B8F1374291A967100410427 /* PBXTargetDependency */,
			);
			name = "Fitness PlannerTests";
			productName = "Fitness PlannerTests";
			productReference = 3B8F1372291A967100410427 /* Fitness PlannerTests.xctest */;
			productType = "com.apple.product-type.bundle.unit-test";
		};
		3B8F137B291A967100410427 /* Fitness PlannerUITests */ = {
			isa = PBXNativeTarget;
			buildConfigurationList = 3B8F138C291A967100410427 /* Build configuration list for PBXNativeTarget "Fitness PlannerUITests" */;
			buildPhases = (
				3B8F1378291A967100410427 /* Sources */,
				3B8F1379291A967100410427 /* Frameworks */,
				3B8F137A291A967100410427 /* Resources */,
			);
			buildRules = (
			);
			dependencies = (
				3B8F137E291A967100410427 /* PBXTargetDependency */,
			);
			name = "Fitness PlannerUITests";
			productName = "Fitness PlannerUITests";
			productReference = 3B8F137C291A967100410427 /* Fitness PlannerUITests.xctest */;
			productType = "com.apple.product-type.bundle.ui-testing";
		};
/* End PBXNativeTarget section */

/* Begin PBXProject section */
		3B8F135A291A966F00410427 /* Project object */ = {
			isa = PBXProject;
			attributes = {
				BuildIndependentTargetsInParallel = 1;
				LastSwiftUpdateCheck = 1410;
				LastUpgradeCheck = 1410;
				TargetAttributes = {
					3B8F1361291A966F00410427 = {
						CreatedOnToolsVersion = 14.1;
					};
					3B8F1371291A967100410427 = {
						CreatedOnToolsVersion = 14.1;
						TestTargetID = 3B8F1361291A966F00410427;
					};
					3B8F137B291A967100410427 = {
						CreatedOnToolsVersion = 14.1;
						TestTargetID = 3B8F1361291A966F00410427;
					};
				};
			};
			buildConfigurationList = 3B8F135D291A966F00410427 /* Build configuration list for PBXProject "Fitness Planner" */;
			compatibilityVersion = "Xcode 14.0";
			developmentRegion = en;
			hasScannedForEncodings = 0;
			knownRegions = (
				en,
				Base,
			);
			mainGroup = 3B8F1359291A966F00410427;
			productRefGroup = 3B8F1363291A966F00410427 /* Products */;
			projectDirPath = "";
			projectRoot = "";
			targets = (
				3B8F1361291A966F00410427 /* Fitness Planner */,
				3B8F1371291A967100410427 /* Fitness PlannerTests */,
				3B8F137B291A967100410427 /* Fitness PlannerUITests */,
			);
		};
/* End PBXProject section */

/* Begin PBXResourcesBuildPhase section */
		3B8F1360291A966F00410427 /* Resources */ = {
			isa = PBXResourcesBuildPhase;
			buildActionMask = 2147483647;
			files = (
				3B8F136D291A967100410427 /* Preview Assets.xcassets in Resources */,
				3B8F136A291A967100410427 /* Assets.xcassets in Resources */,
			);
			runOnlyForDeploymentPostprocessing = 0;
		};
		3B8F1370291A967100410427 /* Resources */ = {
			isa = PBXResourcesBuildPhase;
			buildActionMask = 2147483647;
			files = (
			);
			runOnlyForDeploymentPostprocessing = 0;
		};
		3B8F137A291A967100410427 /* Resources */ = {
			isa = PBXResourcesBuildPhase;
			buildActionMask = 2147483647;
			files = (
			);
			runOnlyForDeploymentPostprocessing = 0;
		};
/* End PBXResourcesBuildPhase section */

/* Begin PBXSourcesBuildPhase section */
		3B8F135E291A966F00410427 /* Sources */ = {
			isa = PBXSourcesBuildPhase;
			buildActionMask = 2147483647;
			files = (
				3B8F1368291A966F00410427 /* ContentView.swift in Sources */,
				3B8F1366291A966F00410427 /* Fitness_PlannerApp.swift in Sources */,
			);
			runOnlyForDeploymentPostprocessing = 0;
		};
		3B8F136E291A967100410427 /* Sources */ = {
			isa = PBXSourcesBuildPhase;
			buildActionMask = 2147483647;
			files = (
				3B8F1377291A967100410427 /* Fitness_PlannerTests.swift in Sources */,
			);
			runOnlyForDeploymentPostprocessing = 0;
		};
		3B8F1378291A967100410427 /* Sources */ = {
			isa = PBXSourcesBuildPhase;
			buildActionMask = 2147483647;
			files = (
				3B8F1383291A967100410427 /* Fitness_PlannerUITestsLaunchTests.swift in Sources */,
				3B8F1381291A967100410427 /* Fitness_PlannerUITests.swift in Sources */,
			);
			runOnlyForDeploymentPostprocessing = 0;
		};
/* End PBXSourcesBuildPhase section */

/* Begin PBXTargetDependency section */
		3B8F1374291A967100410427 /* PBXTargetDependency */ = {
			isa = PBXTargetDependency;
			target = 3B8F1361291A966F00410427 /* Fitness Planner */;
			targetProxy = 3B8F1373291A967100410427 /* PBXContainerItemProxy */;
		};
		3B8F137E291A967100410427 /* PBXTargetDependency */ = {
			isa = PBXTargetDependency;
			target = 3B8F1361291A966F00410427 /* Fitness Planner */;
			targetProxy = 3B8F137D291A967100410427 /* PBXContainerItemProxy */;
		};
/* End PBXTargetDependency section */

/* Begin XCBuildConfiguration section */
		3B8F1384291A967100410427 /* Debug */ = {
			isa = XCBuildConfiguration;
			buildSettings = {
				ALWAYS_SEARCH_USER_PATHS = NO;
				CLANG_ANALYZER_NONNULL = YES;
				CLANG_ANALYZER_NUMBER_OBJECT_CONVERSION = YES_AGGRESSIVE;
				CLANG_CXX_LANGUAGE_STANDARD = "gnu++20";
				CLANG_ENABLE_MODULES = YES;
				CLANG_ENABLE_OBJC_ARC = YES;
				CLANG_ENABLE_OBJC_WEAK = YES;
				CLANG_WARN_BLOCK_CAPTURE_AUTORELEASING = YES;
				CLANG_WARN_BOOL_CONVERSION = YES;
				CLANG_WARN_COMMA = YES;
				CLANG_WARN_CONSTANT_CONVERSION = YES;
				CLANG_WARN_DEPRECATED_OBJC_IMPLEMENTATIONS = YES;
				CLANG_WARN_DIRECT_OBJC_ISA_USAGE = YES_ERROR;
				CLANG_WARN_DOCUMENTATION_COMMENTS = YES;
				CLANG_WARN_EMPTY_BODY = YES;
				CLANG_WARN_ENUM_CONVERSION = YES;
				CLANG_WARN_INFINITE_RECURSION = YES;
				CLANG_WARN_INT_CONVERSION = YES;
				CLANG_WARN_NON_LITERAL_NULL_CONVERSION = YES;
				CLANG_WARN_OBJC_IMPLICIT_RETAIN_SELF = YES;
				CLANG_WARN_OBJC_LITERAL_CONVERSION = YES;
				CLANG_WARN_OBJC_ROOT_CLASS = YES_ERROR;
				CLANG_WARN_QUOTED_INCLUDE_IN_FRAMEWORK_HEADER = YES;
				CLANG_WARN_RANGE_LOOP_ANALYSIS = YES;
				CLANG_WARN_STRICT_PROTOTYPES = YES;
				CLANG_WARN_SUSPICIOUS_MOVE = YES;
				CLANG_WARN_UNGUARDED_AVAILABILITY = YES_AGGRESSIVE;
				CLANG_WARN_UNREACHABLE_CODE = YES;
				CLANG_WARN__DUPLICATE_METHOD_MATCH = YES;
				COPY_PHASE_STRIP = NO;
				DEBUG_INFORMATION_FORMAT = dwarf;
				ENABLE_STRICT_OBJC_MSGSEND = YES;
				ENABLE_TESTABILITY = YES;
				GCC_C_LANGUAGE_STANDARD = gnu11;
				GCC_DYNAMIC_NO_PIC = NO;
				GCC_NO_COMMON_BLOCKS = YES;
				GCC_OPTIMIZATION_LEVEL = 0;
				GCC_PREPROCESSOR_DEFINITIONS = (
					"DEBUG=1",
					"$(inherited)",
				);
				GCC_WARN_64_TO_32_BIT_CONVERSION = YES;
				GCC_WARN_ABOUT_RETURN_TYPE = YES_ERROR;
				GCC_WARN_UNDECLARED_SELECTOR = YES;
				GCC_WARN_UNINITIALIZED_AUTOS = YES_AGGRESSIVE;
				GCC_WARN_UNUSED_FUNCTION = YES;
				GCC_WARN_UNUSED_VARIABLE = YES;
				IPHONEOS_DEPLOYMENT_TARGET = 16.1;
				MTL_ENABLE_DEBUG_INFO = INCLUDE_SOURCE;
				MTL_FAST_MATH = YES;
				ONLY_ACTIVE_ARCH = YES;
				SDKROOT = iphoneos;
				SWIFT_ACTIVE_COMPILATION_CONDITIONS = DEBUG;
				SWIFT_OPTIMIZATION_LEVEL = "-Onone";
			};
			name = Debug;
		};
		3B8F1385291A967100410427 /* Release */ = {
			isa = XCBuildConfiguration;
			buildSettings = {
				ALWAYS_SEARCH_USER_PATHS = NO;
				CLANG_ANALYZER_NONNULL = YES;
				CLANG_ANALYZER_NUMBER_OBJECT_CONVERSION = YES_AGGRESSIVE;
				CLANG_CXX_LANGUAGE_STANDARD = "gnu++20";
				CLANG_ENABLE_MODULES = YES;
				CLANG_ENABLE_OBJC_ARC = YES;
				CLANG_ENABLE_OBJC_WEAK = YES;
				CLANG_WARN_BLOCK_CAPTURE_AUTORELEASING = YES;
				CLANG_WARN_BOOL_CONVERSION = YES;
				CLANG_WARN_COMMA = YES;
				CLANG_WARN_CONSTANT_CONVERSION = YES;
				CLANG_WARN_DEPRECATED_OBJC_IMPLEMENTATIONS = YES;
				CLANG_WARN_DIRECT_OBJC_ISA_USAGE = YES_ERROR;
				CLANG_WARN_DOCUMENTATION_COMMENTS = YES;
				CLANG_WARN_EMPTY_BODY = YES;
				CLANG_WARN_ENUM_CONVERSION = YES;
				CLANG_WARN_INFINITE_RECURSION = YES;
				CLANG_WARN_INT_CONVERSION = YES;
				CLANG_WARN_NON_LITERAL_NULL_CONVERSION = YES;
				CLANG_WARN_OBJC_IMPLICIT_RETAIN_SELF = YES;
				CLANG_WARN_OBJC_LITERAL_CONVERSION = YES;
				CLANG_WARN_OBJC_ROOT_CLASS = YES_ERROR;
				CLANG_WARN_QUOTED_INCLUDE_IN_FRAMEWORK_HEADER = YES;
				CLANG_WARN_RANGE_LOOP_ANALYSIS = YES;
				CLANG_WARN_STRICT_PROTOTYPES = YES;
				CLANG_WARN_SUSPICIOUS_MOVE = YES;
				CLANG_WARN_UNGUARDED_AVAILABILITY = YES_AGGRESSIVE;
				CLANG_WARN_UNREACHABLE_CODE = YES;
				CLANG_WARN__DUPLICATE_METHOD_MATCH = YES;
				COPY_PHASE_STRIP = NO;
				DEBUG_INFORMATION_FORMAT = "dwarf-with-dsym";
				ENABLE_NS_ASSERTIONS = NO;
				ENABLE_STRICT_OBJC_MSGSEND = YES;
				GCC_C_LANGUAGE_STANDARD = gnu11;
				GCC_NO_COMMON_BLOCKS = YES;
				GCC_WARN_64_TO_32_BIT_CONVERSION = YES;
				GCC_WARN_ABOUT_RETURN_TYPE = YES_ERROR;
				GCC_WARN_UNDECLARED_SELECTOR = YES;
				GCC_WARN_UNINITIALIZED_AUTOS = YES_AGGRESSIVE;
				GCC_WARN_UNUSED_FUNCTION = YES;
				GCC_WARN_UNUSED_VARIABLE = YES;
				IPHONEOS_DEPLOYMENT_TARGET = 16.1;
				MTL_ENABLE_DEBUG_INFO = NO;
				MTL_FAST_MATH = YES;
				SDKROOT = iphoneos;
				SWIFT_COMPILATION_MODE = wholemodule;
				SWIFT_OPTIMIZATION_LEVEL = "-O";
				VALIDATE_PRODUCT = YES;
			};
			name = Release;
		};
		3B8F1387291A967100410427 /* Debug */ = {
			isa = XCBuildConfiguration;
			buildSettings = {
				ASSETCATALOG_COMPILER_APPICON_NAME = AppIcon;
				ASSETCATALOG_COMPILER_GLOBAL_ACCENT_COLOR_NAME = AccentColor;
				CODE_SIGN_STYLE = Automatic;
				CURRENT_PROJECT_VERSION = 1;
				DEVELOPMENT_ASSET_PATHS = "\"Fitness Planner/Preview Content\"";
				DEVELOPMENT_TEAM = 32GL9FBSV9;
				ENABLE_PREVIEWS = YES;
				GENERATE_INFOPLIST_FILE = YES;
				INFOPLIST_KEY_UIApplicationSceneManifest_Generation = YES;
				INFOPLIST_KEY_UIApplicationSupportsIndirectInputEvents = YES;
				INFOPLIST_KEY_UILaunchScreen_Generation = YES;
				INFOPLIST_KEY_UISupportedInterfaceOrientations_iPad = "UIInterfaceOrientationPortrait UIInterfaceOrientationPortraitUpsideDown UIInterfaceOrientationLandscapeLeft UIInterfaceOrientationLandscapeRight";
				INFOPLIST_KEY_UISupportedInterfaceOrientations_iPhone = "UIInterfaceOrientationPortrait UIInterfaceOrientationLandscapeLeft UIInterfaceOrientationLandscapeRight";
				LD_RUNPATH_SEARCH_PATHS = (
					"$(inherited)",
					"@executable_path/Frameworks",
				);
				MARKETING_VERSION = 1.0;
				PRODUCT_BUNDLE_IDENTIFIER = "com.cshdev.Fitness-Planner";
				PRODUCT_NAME = "$(TARGET_NAME)";
				SWIFT_EMIT_LOC_STRINGS = YES;
				SWIFT_VERSION = 5.0;
				TARGETED_DEVICE_FAMILY = "1,2";
			};
			name = Debug;
		};
		3B8F1388291A967100410427 /* Release */ = {
			isa = XCBuildConfiguration;
			buildSettings = {
				ASSETCATALOG_COMPILER_APPICON_NAME = AppIcon;
				ASSETCATALOG_COMPILER_GLOBAL_ACCENT_COLOR_NAME = AccentColor;
				CODE_SIGN_STYLE = Automatic;
				CURRENT_PROJECT_VERSION = 1;
				DEVELOPMENT_ASSET_PATHS = "\"Fitness Planner/Preview Content\"";
				DEVELOPMENT_TEAM = 32GL9FBSV9;
				ENABLE_PREVIEWS = YES;
				GENERATE_INFOPLIST_FILE = YES;
				INFOPLIST_KEY_UIApplicationSceneManifest_Generation = YES;
				INFOPLIST_KEY_UIApplicationSupportsIndirectInputEvents = YES;
				INFOPLIST_KEY_UILaunchScreen_Generation = YES;
				INFOPLIST_KEY_UISupportedInterfaceOrientations_iPad = "UIInterfaceOrientationPortrait UIInterfaceOrientationPortraitUpsideDown UIInterfaceOrientationLandscapeLeft UIInterfaceOrientationLandscapeRight";
				INFOPLIST_KEY_UISupportedInterfaceOrientations_iPhone = "UIInterfaceOrientationPortrait UIInterfaceOrientationLandscapeLeft UIInterfaceOrientationLandscapeRight";
				LD_RUNPATH_SEARCH_PATHS = (
					"$(inherited)",
					"@executable_path/Frameworks",
				);
				MARKETING_VERSION = 1.0;
				PRODUCT_BUNDLE_IDENTIFIER = "com.cshdev.Fitness-Planner";
				PRODUCT_NAME = "$(TARGET_NAME)";
				SWIFT_EMIT_LOC_STRINGS = YES;
				SWIFT_VERSION = 5.0;
				TARGETED_DEVICE_FAMILY = "1,2";
			};
			name = Release;
		};
		3B8F138A291A967100410427 /* Debug */ = {
			isa = XCBuildConfiguration;
			buildSettings = {
				ALWAYS_EMBED_SWIFT_STANDARD_LIBRARIES = YES;
				BUNDLE_LOADER = "$(TEST_HOST)";
				CODE_SIGN_STYLE = Automatic;
				CURRENT_PROJECT_VERSION = 1;
				DEVELOPMENT_TEAM = 32GL9FBSV9;
				GENERATE_INFOPLIST_FILE = YES;
				IPHONEOS_DEPLOYMENT_TARGET = 16.1;
				MARKETING_VERSION = 1.0;
				PRODUCT_BUNDLE_IDENTIFIER = "com.cshdev.Fitness-PlannerTests";
				PRODUCT_NAME = "$(TARGET_NAME)";
				SWIFT_EMIT_LOC_STRINGS = NO;
				SWIFT_VERSION = 5.0;
				TARGETED_DEVICE_FAMILY = "1,2";
				TEST_HOST = "$(BUILT_PRODUCTS_DIR)/Fitness Planner.app/$(BUNDLE_EXECUTABLE_FOLDER_PATH)/Fitness Planner";
			};
			name = Debug;
		};
		3B8F138B291A967100410427 /* Release */ = {
			isa = XCBuildConfiguration;
			buildSettings = {
				ALWAYS_EMBED_SWIFT_STANDARD_LIBRARIES = YES;
				BUNDLE_LOADER = "$(TEST_HOST)";
				CODE_SIGN_STYLE = Automatic;
				CURRENT_PROJECT_VERSION = 1;
				DEVELOPMENT_TEAM = 32GL9FBSV9;
				GENERATE_INFOPLIST_FILE = YES;
				IPHONEOS_DEPLOYMENT_TARGET = 16.1;
				MARKETING_VERSION = 1.0;
				PRODUCT_BUNDLE_IDENTIFIER = "com.cshdev.Fitness-PlannerTests";
				PRODUCT_NAME = "$(TARGET_NAME)";
				SWIFT_EMIT_LOC_STRINGS = NO;
				SWIFT_VERSION = 5.0;
				TARGETED_DEVICE_FAMILY = "1,2";
				TEST_HOST = "$(BUILT_PRODUCTS_DIR)/Fitness Planner.app/$(BUNDLE_EXECUTABLE_FOLDER_PATH)/Fitness Planner";
			};
			name = Release;
		};
		3B8F138D291A967100410427 /* Debug */ = {
			isa = XCBuildConfiguration;
			buildSettings = {
				ALWAYS_EMBED_SWIFT_STANDARD_LIBRARIES = YES;
				CODE_SIGN_STYLE = Automatic;
				CURRENT_PROJECT_VERSION = 1;
				DEVELOPMENT_TEAM = 32GL9FBSV9;
				GENERATE_INFOPLIST_FILE = YES;
				MARKETING_VERSION = 1.0;
				PRODUCT_BUNDLE_IDENTIFIER = "com.cshdev.Fitness-PlannerUITests";
				PRODUCT_NAME = "$(TARGET_NAME)";
				SWIFT_EMIT_LOC_STRINGS = NO;
				SWIFT_VERSION = 5.0;
				TARGETED_DEVICE_FAMILY = "1,2";
				TEST_TARGET_NAME = "Fitness Planner";
			};
			name = Debug;
		};
		3B8F138E291A967100410427 /* Release */ = {
			isa = XCBuildConfiguration;
			buildSettings = {
				ALWAYS_EMBED_SWIFT_STANDARD_LIBRARIES = YES;
				CODE_SIGN_STYLE = Automatic;
				CURRENT_PROJECT_VERSION = 1;
				DEVELOPMENT_TEAM = 32GL9FBSV9;
				GENERATE_INFOPLIST_FILE = YES;
				MARKETING_VERSION = 1.0;
				PRODUCT_BUNDLE_IDENTIFIER = "com.cshdev.Fitness-PlannerUITests";
				PRODUCT_NAME = "$(TARGET_NAME)";
				SWIFT_EMIT_LOC_STRINGS = NO;
				SWIFT_VERSION = 5.0;
				TARGETED_DEVICE_FAMILY = "1,2";
				TEST_TARGET_NAME = "Fitness Planner";
			};
			name = Release;
		};
/* End XCBuildConfiguration section */

/* Begin XCConfigurationList section */
		3B8F135D291A966F00410427 /* Build configuration list for PBXProject "Fitness Planner" */ = {
			isa = XCConfigurationList;
			buildConfigurations = (
				3B8F1384291A967100410427 /* Debug */,
				3B8F1385291A967100410427 /* Release */,
			);
			defaultConfigurationIsVisible = 0;
			defaultConfigurationName = Release;
		};
		3B8F1386291A967100410427 /* Build configuration list for PBXNativeTarget "Fitness Planner" */ = {
			isa = XCConfigurationList;
			buildConfigurations = (
				3B8F1387291A967100410427 /* Debug */,
				3B8F1388291A967100410427 /* Release */,
			);
			defaultConfigurationIsVisible = 0;
			defaultConfigurationName = Release;
		};
		3B8F1389291A967100410427 /* Build configuration list for PBXNativeTarget "Fitness PlannerTests" */ = {
			isa = XCConfigurationList;
			buildConfigurations = (
				3B8F138A291A967100410427 /* Debug */,
				3B8F138B291A967100410427 /* Release */,
			);
			defaultConfigurationIsVisible = 0;
			defaultConfigurationName = Release;
		};
		3B8F138C291A967100410427 /* Build configuration list for PBXNativeTarget "Fitness PlannerUITests" */ = {
			isa = XCConfigurationList;
			buildConfigurations = (
				3B8F138D291A967100410427 /* Debug */,
				3B8F138E291A967100410427 /* Release */,
			);
			defaultConfigurationIsVisible = 0;
			defaultConfigurationName = Release;
		};
/* End XCConfigurationList section */
	};
	rootObject = 3B8F135A291A966F00410427 /* Project object */;
}
